
Microsoft Visual Studio Solution File, Format Version 12.00
# Visual Studio 14
VisualStudioVersion = 14.0.25420.1
MinimumVisualStudioVersion = 10.0.40219.1
Project("{8BC9CEB8-8B4A-11D0-8D11-00A0C91BC942}") = "ToolFrameTest", "ToolFrameTest\ToolFrameTest.vcxproj", "{98C0506D-B647-4EB8-AD9F-D9985B3D9E77}"
EndProject
Global
	GlobalSection(SolutionConfigurationPlatforms) = preSolution
		Debug|Win32 = Debug|Win32
		Debug|x64 = Debug|x64
		DebugCocos2dx|Win32 = DebugCocos2dx|Win32
		DebugCocos2dx|x64 = DebugCocos2dx|x64
		DebugMFC|Win32 = DebugMFC|Win32
		DebugMFC|x64 = DebugMFC|x64
		Release|Win32 = Release|Win32
		Release|x64 = Release|x64
	EndGlobalSection
	GlobalSection(ProjectConfigurationPlatforms) = postSolution
		{98C0506D-B647-4EB8-AD9F-D9985B3D9E77}.Debug|Win32.ActiveCfg = Debug|Win32
		{98C0506D-B647-4EB8-AD9F-D9985B3D9E77}.Debug|Win32.Build.0 = Debug|Win32
		{98C0506D-B647-4EB8-AD9F-D9985B3D9E77}.Debug|x64.ActiveCfg = Debug|x64
		{98C0506D-B647-4EB8-AD9F-D9985B3D9E77}.Debug|x64.Build.0 = Debug|x64
		{98C0506D-B647-4EB8-AD9F-D9985B3D9E77}.DebugCocos2dx|Win32.ActiveCfg = Debug|Win32
		{98C0506D-B647-4EB8-AD9F-D9985B3D9E77}.DebugCocos2dx|Win32.Build.0 = Debug|Win32
		{98C0506D-B647-4EB8-AD9F-D9985B3D9E77}.DebugCocos2dx|x64.ActiveCfg = Debug|x64
		{98C0506D-B647-4EB8-AD9F-D9985B3D9E77}.DebugCocos2dx|x64.Build.0 = Debug|x64
		{98C0506D-B647-4EB8-AD9F-D9985B3D9E77}.DebugMFC|Win32.ActiveCfg = Debug|Win32
		{98C0506D-B647-4EB8-AD9F-D9985B3D9E77}.DebugMFC|Win32.Build.0 = Debug|Win32
		{98C0506D-B647-4EB8-AD9F-D9985B3D9E77}.DebugMFC|x64.ActiveCfg = Debug|x64
		{98C0506D-B647-4EB8-AD9F-D9985B3D9E77}.DebugMFC|x64.Build.0 = Debug|x64
		{98C0506D-B647-4EB8-AD9F-D9985B3D9E77}.Release|Win32.ActiveCfg = Release|Win32
		{98C0506D-B647-4EB8-AD9F-D9985B3D9E77}.Release|Win32.Build.0 = Release|Win32
		{98C0506D-B647-4EB8-AD9F-D9985B3D9E77}.Release|x64.ActiveCfg = Release|x64
		{98C0506D-B647-4EB8-AD9F-D9985B3D9E77}.Release|x64.Build.0 = Release|x64
	EndGlobalSection
	GlobalSection(SolutionProperties) = preSolution
		HideSolutionNode = FALSE
	EndGlobalSection
EndGlobal
